
Microsoft Visual Studio Solution File, Format Version 12.00
# Visual Studio 15
VisualStudioVersion = 15.0.28010.2036
MinimumVisualStudioVersion = 10.0.40219.1
Project("{9A19103F-16F7-4668-BE54-9A1E7A4F7556}") = "AdventConsole", "AdventConsole\AdventConsole.csproj", "{69AD0263-D545-413F-8450-391F18F02BE8}"
EndProject
Project("{9A19103F-16F7-4668-BE54-9A1E7A4F7556}") = "Solutions", "Solutions\Solutions.csproj", "{444BA2ED-0E7A-41E1-BB2D-B4BFA9739A73}"
EndProject
Global
	GlobalSection(SolutionConfigurationPlatforms) = preSolution
		Debug|Any CPU = Debug|Any CPU
		Release|Any CPU = Release|Any CPU
	EndGlobalSection
	GlobalSection(ProjectConfigurationPlatforms) = postSolution
		{69AD0263-D545-413F-8450-391F18F02BE8}.Debug|Any CPU.ActiveCfg = Debug|Any CPU
		{69AD0263-D545-413F-8450-391F18F02BE8}.Debug|Any CPU.Build.0 = Debug|Any CPU
		{69AD0263-D545-413F-8450-391F18F02BE8}.Release|Any CPU.ActiveCfg = Release|Any CPU
		{69AD0263-D545-413F-8450-391F18F02BE8}.Release|Any CPU.Build.0 = Release|Any CPU
		{444BA2ED-0E7A-41E1-BB2D-B4BFA9739A73}.Debug|Any CPU.ActiveCfg = Debug|Any CPU
		{444BA2ED-0E7A-41E1-BB2D-B4BFA9739A73}.Debug|Any CPU.Build.0 = Debug|Any CPU
		{444BA2ED-0E7A-41E1-BB2D-B4BFA9739A73}.Release|Any CPU.ActiveCfg = Release|Any CPU
		{444BA2ED-0E7A-41E1-BB2D-B4BFA9739A73}.Release|Any CPU.Build.0 = Release|Any CPU
	EndGlobalSection
	GlobalSection(SolutionProperties) = preSolution
		HideSolutionNode = FALSE
	EndGlobalSection
	GlobalSection(ExtensibilityGlobals) = postSolution
		SolutionGuid = {3FD3EA9C-2977-46E5-8216-0979F7FB6241}
	EndGlobalSection
EndGlobal
